
Microsoft Visual Studio Solution File, Format Version 12.00
# Visual Studio Version 17
VisualStudioVersion = 17.0.31903.59
MinimumVisualStudioVersion = 10.0.40219.1
Project("{2150E333-8FDC-42A3-9474-1A3956D46DE8}") = "src", "src", "{827E0CD3-B72D-47B6-A68D-7590B98EB39B}"
EndProject
Project("{2150E333-8FDC-42A3-9474-1A3956D46DE8}") = "Apps", "Apps", "{AD2A5A3B-A595-3E96-334A-002D08FE630C}"
EndProject
Project("{FAE04EC0-301F-11D3-BF4B-00C04F79EFBC}") = "SaptariX.Admin.Mvc", "src\Apps\SaptariX.Admin.Mvc\SaptariX.Admin.Mvc.csproj", "{3AB4BD60-1CE7-4077-BF19-D8846311A3E7}"
EndProject
Project("{2150E333-8FDC-42A3-9474-1A3956D46DE8}") = "Core", "Core", "{8D626EA8-CB54-BC41-363A-217881BEBA6E}"
EndProject
Project("{FAE04EC0-301F-11D3-BF4B-00C04F79EFBC}") = "SaptariX.Application", "src\Core\SaptariX.Application\SaptariX.Application.csproj", "{7CB473F7-9474-4C94-871C-F1752CDDFD41}"
EndProject
Project("{FAE04EC0-301F-11D3-BF4B-00C04F79EFBC}") = "SaptariX.Domain", "src\Core\SaptariX.Domain\SaptariX.Domain.csproj", "{F0263822-4915-4D4E-86D7-C69C6EBB5E41}"
EndProject
Project("{FAE04EC0-301F-11D3-BF4B-00C04F79EFBC}") = "SaptariX.Shared", "src\Core\SaptariX.Shared\SaptariX.Shared.csproj", "{48872AC8-5D87-4F41-830B-BE549F2A8129}"
EndProject
Project("{FAE04EC0-301F-11D3-BF4B-00C04F79EFBC}") = "SaptariX.Plugin.Abstractions", "src\Core\SaptariX.Plugin.Abstractions\SaptariX.Plugin.Abstractions.csproj", "{709C639C-F56D-4478-A452-AF6E8199DED6}"
EndProject
Project("{2150E333-8FDC-42A3-9474-1A3956D46DE8}") = "Infrastructure", "Infrastructure", "{9048EB7F-3875-A59E-E36B-5BD4C6F2A282}"
EndProject
Project("{FAE04EC0-301F-11D3-BF4B-00C04F79EFBC}") = "SaptariX.Persistence.SqlServer", "src\Infrastructure\SaptariX.Persistence.SqlServer\SaptariX.Persistence.SqlServer.csproj", "{FB8E9E34-B6CC-49EA-8D5F-B79FCC935D3B}"
EndProject
Project("{FAE04EC0-301F-11D3-BF4B-00C04F79EFBC}") = "SaptariX.Persistence.Abstractions", "src\Infrastructure\SaptariX.Persistence.Abstractions\SaptariX.Persistence.Abstractions.csproj", "{B290FE88-7219-41BA-B950-A43F94E8B49F}"
EndProject
Project("{FAE04EC0-301F-11D3-BF4B-00C04F79EFBC}") = "SaptariX.Elsa", "src\Infrastructure\SaptariX.Elsa\SaptariX.Elsa.csproj", "{F436593F-358A-4D1D-8030-88B92C424542}"
EndProject
Project("{FAE04EC0-301F-11D3-BF4B-00C04F79EFBC}") = "SaptariX.Redis", "src\Infrastructure\SaptariX.Redis\SaptariX.Redis.csproj", "{3AF71C66-2BD1-4E24-A93C-A4EB833871E7}"
EndProject
Project("{FAE04EC0-301F-11D3-BF4B-00C04F79EFBC}") = "SaptariX.Observability", "src\Infrastructure\SaptariX.Observability\SaptariX.Observability.csproj", "{4E8BB393-0F14-4542-B288-F02A58D2CAA6}"
EndProject
Project("{2150E333-8FDC-42A3-9474-1A3956D46DE8}") = "Platform", "Platform", "{4DF80442-A1E5-CC28-AE7B-27B5F9BFE52B}"
EndProject
Project("{FAE04EC0-301F-11D3-BF4B-00C04F79EFBC}") = "SaptariX.Platform.Organization", "src\Platform\SaptariX.Platform.Organization\SaptariX.Platform.Organization.csproj", "{227BF9AC-C3AA-4F6C-96B4-7C5F01C5D04B}"
EndProject
Project("{FAE04EC0-301F-11D3-BF4B-00C04F79EFBC}") = "SaptariX.Platform.Identity", "src\Platform\SaptariX.Platform.Identity\SaptariX.Platform.Identity.csproj", "{1F2588CA-EB8B-4B3D-9234-A201F0938773}"
EndProject
Project("{FAE04EC0-301F-11D3-BF4B-00C04F79EFBC}") = "SaptariX.Platform.AccessControl", "src\Platform\SaptariX.Platform.AccessControl\SaptariX.Platform.AccessControl.csproj", "{EA7F2CCB-A136-46B8-A920-8F023E160ED6}"
EndProject
Project("{FAE04EC0-301F-11D3-BF4B-00C04F79EFBC}") = "SaptariX.Platform.ModuleRegistry", "src\Platform\SaptariX.Platform.ModuleRegistry\SaptariX.Platform.ModuleRegistry.csproj", "{B3132AE5-DB4D-474A-A108-EF5E7CA70BA7}"
EndProject
Project("{2150E333-8FDC-42A3-9474-1A3956D46DE8}") = "Modules", "Modules", "{EC447DCF-ABFA-6E24-52A5-D7FD48A5C558}"
EndProject
Project("{2150E333-8FDC-42A3-9474-1A3956D46DE8}") = "DynamicForms", "DynamicForms", "{0A1E355E-8DE1-55AE-0C5D-3DFF356D87F7}"
EndProject
Project("{FAE04EC0-301F-11D3-BF4B-00C04F79EFBC}") = "SaptariX.Modules.DynamicForms.Web", "src\Modules\DynamicForms\SaptariX.Modules.DynamicForms.Web\SaptariX.Modules.DynamicForms.Web.csproj", "{CE9B0009-823F-4089-9FDB-F7135AF8C289}"
EndProject
Project("{FAE04EC0-301F-11D3-BF4B-00C04F79EFBC}") = "SaptariX.Modules.DynamicForms.Application", "src\Modules\DynamicForms\SaptariX.Modules.DynamicForms.Application\SaptariX.Modules.DynamicForms.Application.csproj", "{6317EB6F-A307-4B92-AFEA-788A0076EE52}"
EndProject
Project("{FAE04EC0-301F-11D3-BF4B-00C04F79EFBC}") = "SaptariX.Modules.DynamicForms.Contracts", "src\Modules\DynamicForms\SaptariX.Modules.DynamicForms.Contracts\SaptariX.Modules.DynamicForms.Contracts.csproj", "{742C8894-AE68-4E16-993B-12487E17C9FC}"
EndProject
Project("{FAE04EC0-301F-11D3-BF4B-00C04F79EFBC}") = "SaptariX.Modules.DynamicForms.Infrastructure", "src\Modules\DynamicForms\SaptariX.Modules.DynamicForms.Infrastructure\SaptariX.Modules.DynamicForms.Infrastructure.csproj", "{3C6BDB11-5D4C-42CF-967D-59E35DF24D94}"
EndProject
Project("{FAE04EC0-301F-11D3-BF4B-00C04F79EFBC}") = "SaptariX.Auth.Api", "src\Apps\SaptariX.Auth.Api\SaptariX.Auth.Api.csproj", "{82278E32-93FD-4035-ACFC-D4E7C248E826}"
EndProject
Project("{FAE04EC0-301F-11D3-BF4B-00C04F79EFBC}") = "SaptariX.Gateway.Api", "src\Apps\SaptariX.Gateway.Api\SaptariX.Gateway.Api.csproj", "{0745D40A-81EC-4A7E-BD1A-3EB148EA91EC}"
EndProject
Project("{FAE04EC0-301F-11D3-BF4B-00C04F79EFBC}") = "SaptariX.Mobile.Bff.Api", "src\Apps\SaptariX.Mobile.Bff.Api\SaptariX.Mobile.Bff.Api.csproj", "{2E6D9858-64F0-45D5-8D79-6DB83B04EFB1}"
EndProject
Project("{FAE04EC0-301F-11D3-BF4B-00C04F79EFBC}") = "SaptariX.Portal.Mvc", "src\Apps\SaptariX.Portal.Mvc\SaptariX.Portal.Mvc.csproj", "{21985E4E-1173-4908-898E-49B566FA01E2}"
EndProject
Project("{FAE04EC0-301F-11D3-BF4B-00C04F79EFBC}") = "SaptariX.Public.Mvc", "src\Apps\SaptariX.Public.Mvc\SaptariX.Public.Mvc.csproj", "{D18CF718-497C-4FCD-B9BB-B647843A2946}"
EndProject
Project("{FAE04EC0-301F-11D3-BF4B-00C04F79EFBC}") = "SaptariX.Contracts", "src\Core\SaptariX.Contracts\SaptariX.Contracts.csproj", "{CA3ECA43-BE32-4841-A670-A861616C3F40}"
EndProject
Project("{FAE04EC0-301F-11D3-BF4B-00C04F79EFBC}") = "SaptariX.Email", "src\Infrastructure\SaptariX.Email\SaptariX.Email.csproj", "{6A34948D-6D38-48DD-98B3-EAD56950FCA8}"
EndProject
Project("{FAE04EC0-301F-11D3-BF4B-00C04F79EFBC}") = "SaptariX.ExternalApis", "src\Infrastructure\SaptariX.ExternalApis\SaptariX.ExternalApis.csproj", "{66A6A4F1-5F39-41AC-856A-52D087205908}"
EndProject
Project("{FAE04EC0-301F-11D3-BF4B-00C04F79EFBC}") = "SaptariX.FileStorage", "src\Infrastructure\SaptariX.FileStorage\SaptariX.FileStorage.csproj", "{DBA88B6F-423F-4C89-904A-A53A4A5617F3}"
EndProject
Project("{FAE04EC0-301F-11D3-BF4B-00C04F79EFBC}") = "SaptariX.Security", "src\Infrastructure\SaptariX.Security\SaptariX.Security.csproj", "{11347592-66A0-4D78-925D-A200BF88810B}"
EndProject
Project("{FAE04EC0-301F-11D3-BF4B-00C04F79EFBC}") = "SaptariX.Platform.Audit", "src\Platform\SaptariX.Platform.Audit\SaptariX.Platform.Audit.csproj", "{F153969C-D814-4B74-A878-D7A57489546A}"
EndProject
Project("{FAE04EC0-301F-11D3-BF4B-00C04F79EFBC}") = "SaptariX.Platform.Configuration", "src\Platform\SaptariX.Platform.Configuration\SaptariX.Platform.Configuration.csproj", "{BAE91AA0-884D-4A2A-8717-B740DA720335}"
EndProject
Project("{2150E333-8FDC-42A3-9474-1A3956D46DE8}") = "Workers", "Workers", "{FE5F7021-A3C9-35C7-FF50-8DA81625868E}"
EndProject
Project("{FAE04EC0-301F-11D3-BF4B-00C04F79EFBC}") = "SaptariX.AuditWorker", "src\Workers\SaptariX.AuditWorker\SaptariX.AuditWorker.csproj", "{409408C1-17F3-4B4F-99FA-FF2A05161D7F}"
EndProject
Project("{FAE04EC0-301F-11D3-BF4B-00C04F79EFBC}") = "SaptariX.NotificationWorker", "src\Workers\SaptariX.NotificationWorker\SaptariX.NotificationWorker.csproj", "{BC4BBB02-9EDE-42AB-BBC1-88F67276C0B2}"
EndProject
Project("{FAE04EC0-301F-11D3-BF4B-00C04F79EFBC}") = "SaptariX.ReportWorker", "src\Workers\SaptariX.ReportWorker\SaptariX.ReportWorker.csproj", "{E8236766-6B8B-4FE0-A126-F6AB0B2F8939}"
EndProject
Project("{FAE04EC0-301F-11D3-BF4B-00C04F79EFBC}") = "SaptariX.RetryWorker", "src\Workers\SaptariX.RetryWorker\SaptariX.RetryWorker.csproj", "{6F91FCCF-5FCE-4B17-9A04-3BFAD4F638CB}"
EndProject
Project("{FAE04EC0-301F-11D3-BF4B-00C04F79EFBC}") = "SaptariX.WorkflowWorker", "src\Workers\SaptariX.WorkflowWorker\SaptariX.WorkflowWorker.csproj", "{08AC6FB1-8A79-45FD-ACB0-6F416A3BA340}"
EndProject
Project("{2150E333-8FDC-42A3-9474-1A3956D46DE8}") = "tests", "tests", "{0AB3BF05-4346-4AA6-1389-037BE0695223}"
EndProject
Project("{FAE04EC0-301F-11D3-BF4B-00C04F79EFBC}") = "SaptariX.ContractTests", "tests\SaptariX.ContractTests\SaptariX.ContractTests.csproj", "{BD1B435E-69FA-4865-9214-D9A0F625752E}"
EndProject
Project("{FAE04EC0-301F-11D3-BF4B-00C04F79EFBC}") = "SaptariX.IntegrationTests", "tests\SaptariX.IntegrationTests\SaptariX.IntegrationTests.csproj", "{C0CA0C3B-6FB1-4A80-8C66-8CBF8C2816E1}"
EndProject
Project("{FAE04EC0-301F-11D3-BF4B-00C04F79EFBC}") = "SaptariX.UnitTests", "tests\SaptariX.UnitTests\SaptariX.UnitTests.csproj", "{4B8EEE58-D116-4776-9650-2BF351938609}"
EndProject
Project("{FAE04EC0-301F-11D3-BF4B-00C04F79EFBC}") = "SaptariX.WebTests", "tests\SaptariX.WebTests\SaptariX.WebTests.csproj", "{E6658E14-B2B6-45CF-8AB3-3ED337055C21}"
EndProject
Project("{2150E333-8FDC-42A3-9474-1A3956D46DE8}") = "UIKit", "UIKit", "{5E294108-21CF-7E41-9E94-C5B87823D673}"
EndProject
Project("{FAE04EC0-301F-11D3-BF4B-00C04F79EFBC}") = "SaptariX.Modules.UIKit.Contracts", "src\Modules\UIKit\SaptariX.Modules.UIKit.Contracts\SaptariX.Modules.UIKit.Contracts.csproj", "{AD936FA7-5A23-4FDB-9C9B-A8DB07506B05}"
EndProject
Project("{FAE04EC0-301F-11D3-BF4B-00C04F79EFBC}") = "SaptariX.Modules.UIKit.Application", "src\Modules\UIKit\SaptariX.Modules.UIKit.Application\SaptariX.Modules.UIKit.Application.csproj", "{FBBB157F-CE91-41CD-84D0-5DCC46A03F08}"
EndProject
Project("{FAE04EC0-301F-11D3-BF4B-00C04F79EFBC}") = "SaptariX.Modules.UIKit.Web", "src\Modules\UIKit\SaptariX.Modules.UIKit.Web\SaptariX.Modules.UIKit.Web.csproj", "{E7D1FDA5-B985-4CC0-931C-8485DA2A5C1B}"
EndProject
Global
	GlobalSection(SolutionConfigurationPlatforms) = preSolution
		Debug|Any CPU = Debug|Any CPU
		Debug|x64 = Debug|x64
		Debug|x86 = Debug|x86
		Release|Any CPU = Release|Any CPU
		Release|x64 = Release|x64
		Release|x86 = Release|x86
	EndGlobalSection
	GlobalSection(ProjectConfigurationPlatforms) = postSolution
		{3AB4BD60-1CE7-4077-BF19-D8846311A3E7}.Debug|Any CPU.ActiveCfg = Debug|Any CPU
		{3AB4BD60-1CE7-4077-BF19-D8846311A3E7}.Debug|Any CPU.Build.0 = Debug|Any CPU
		{3AB4BD60-1CE7-4077-BF19-D8846311A3E7}.Debug|x64.ActiveCfg = Debug|Any CPU
		{3AB4BD60-1CE7-4077-BF19-D8846311A3E7}.Debug|x64.Build.0 = Debug|Any CPU
		{3AB4BD60-1CE7-4077-BF19-D8846311A3E7}.Debug|x86.ActiveCfg = Debug|Any CPU
		{3AB4BD60-1CE7-4077-BF19-D8846311A3E7}.Debug|x86.Build.0 = Debug|Any CPU
		{3AB4BD60-1CE7-4077-BF19-D8846311A3E7}.Release|Any CPU.ActiveCfg = Release|Any CPU
		{3AB4BD60-1CE7-4077-BF19-D8846311A3E7}.Release|Any CPU.Build.0 = Release|Any CPU
		{3AB4BD60-1CE7-4077-BF19-D8846311A3E7}.Release|x64.ActiveCfg = Release|Any CPU
		{3AB4BD60-1CE7-4077-BF19-D8846311A3E7}.Release|x64.Build.0 = Release|Any CPU
		{3AB4BD60-1CE7-4077-BF19-D8846311A3E7}.Release|x86.ActiveCfg = Release|Any CPU
		{3AB4BD60-1CE7-4077-BF19-D8846311A3E7}.Release|x86.Build.0 = Release|Any CPU
		{7CB473F7-9474-4C94-871C-F1752CDDFD41}.Debug|Any CPU.ActiveCfg = Debug|Any CPU
		{7CB473F7-9474-4C94-871C-F1752CDDFD41}.Debug|Any CPU.Build.0 = Debug|Any CPU
		{7CB473F7-9474-4C94-871C-F1752CDDFD41}.Debug|x64.ActiveCfg = Debug|Any CPU
		{7CB473F7-9474-4C94-871C-F1752CDDFD41}.Debug|x64.Build.0 = Debug|Any CPU
		{7CB473F7-9474-4C94-871C-F1752CDDFD41}.Debug|x86.ActiveCfg = Debug|Any CPU
		{7CB473F7-9474-4C94-871C-F1752CDDFD41}.Debug|x86.Build.0 = Debug|Any CPU
		{7CB473F7-9474-4C94-871C-F1752CDDFD41}.Release|Any CPU.ActiveCfg = Release|Any CPU
		{7CB473F7-9474-4C94-871C-F1752CDDFD41}.Release|Any CPU.Build.0 = Release|Any CPU
		{7CB473F7-9474-4C94-871C-F1752CDDFD41}.Release|x64.ActiveCfg = Release|Any CPU
		{7CB473F7-9474-4C94-871C-F1752CDDFD41}.Release|x64.Build.0 = Release|Any CPU
		{7CB473F7-9474-4C94-871C-F1752CDDFD41}.Release|x86.ActiveCfg = Release|Any CPU
		{7CB473F7-9474-4C94-871C-F1752CDDFD41}.Release|x86.Build.0 = Release|Any CPU
		{F0263822-4915-4D4E-86D7-C69C6EBB5E41}.Debug|Any CPU.ActiveCfg = Debug|Any CPU
		{F0263822-4915-4D4E-86D7-C69C6EBB5E41}.Debug|Any CPU.Build.0 = Debug|Any CPU
		{F0263822-4915-4D4E-86D7-C69C6EBB5E41}.Debug|x64.ActiveCfg = Debug|Any CPU
		{F0263822-4915-4D4E-86D7-C69C6EBB5E41}.Debug|x64.Build.0 = Debug|Any CPU
		{F0263822-4915-4D4E-86D7-C69C6EBB5E41}.Debug|x86.ActiveCfg = Debug|Any CPU
		{F0263822-4915-4D4E-86D7-C69C6EBB5E41}.Debug|x86.Build.0 = Debug|Any CPU
		{F0263822-4915-4D4E-86D7-C69C6EBB5E41}.Release|Any CPU.ActiveCfg = Release|Any CPU
		{F0263822-4915-4D4E-86D7-C69C6EBB5E41}.Release|Any CPU.Build.0 = Release|Any CPU
		{F0263822-4915-4D4E-86D7-C69C6EBB5E41}.Release|x64.ActiveCfg = Release|Any CPU
		{F0263822-4915-4D4E-86D7-C69C6EBB5E41}.Release|x64.Build.0 = Release|Any CPU
		{F0263822-4915-4D4E-86D7-C69C6EBB5E41}.Release|x86.ActiveCfg = Release|Any CPU
		{F0263822-4915-4D4E-86D7-C69C6EBB5E41}.Release|x86.Build.0 = Release|Any CPU
		{48872AC8-5D87-4F41-830B-BE549F2A8129}.Debug|Any CPU.ActiveCfg = Debug|Any CPU
		{48872AC8-5D87-4F41-830B-BE549F2A8129}.Debug|Any CPU.Build.0 = Debug|Any CPU
		{48872AC8-5D87-4F41-830B-BE549F2A8129}.Debug|x64.ActiveCfg = Debug|Any CPU
		{48872AC8-5D87-4F41-830B-BE549F2A8129}.Debug|x64.Build.0 = Debug|Any CPU
		{48872AC8-5D87-4F41-830B-BE549F2A8129}.Debug|x86.ActiveCfg = Debug|Any CPU
		{48872AC8-5D87-4F41-830B-BE549F2A8129}.Debug|x86.Build.0 = Debug|Any CPU
		{48872AC8-5D87-4F41-830B-BE549F2A8129}.Release|Any CPU.ActiveCfg = Release|Any CPU
		{48872AC8-5D87-4F41-830B-BE549F2A8129}.Release|Any CPU.Build.0 = Release|Any CPU
		{48872AC8-5D87-4F41-830B-BE549F2A8129}.Release|x64.ActiveCfg = Release|Any CPU
		{48872AC8-5D87-4F41-830B-BE549F2A8129}.Release|x64.Build.0 = Release|Any CPU
		{48872AC8-5D87-4F41-830B-BE549F2A8129}.Release|x86.ActiveCfg = Release|Any CPU
		{48872AC8-5D87-4F41-830B-BE549F2A8129}.Release|x86.Build.0 = Release|Any CPU
		{709C639C-F56D-4478-A452-AF6E8199DED6}.Debug|Any CPU.ActiveCfg = Debug|Any CPU
		{709C639C-F56D-4478-A452-AF6E8199DED6}.Debug|Any CPU.Build.0 = Debug|Any CPU
		{709C639C-F56D-4478-A452-AF6E8199DED6}.Debug|x64.ActiveCfg = Debug|Any CPU
		{709C639C-F56D-4478-A452-AF6E8199DED6}.Debug|x64.Build.0 = Debug|Any CPU
		{709C639C-F56D-4478-A452-AF6E8199DED6}.Debug|x86.ActiveCfg = Debug|Any CPU
		{709C639C-F56D-4478-A452-AF6E8199DED6}.Debug|x86.Build.0 = Debug|Any CPU
		{709C639C-F56D-4478-A452-AF6E8199DED6}.Release|Any CPU.ActiveCfg = Release|Any CPU
		{709C639C-F56D-4478-A452-AF6E8199DED6}.Release|Any CPU.Build.0 = Release|Any CPU
		{709C639C-F56D-4478-A452-AF6E8199DED6}.Release|x64.ActiveCfg = Release|Any CPU
		{709C639C-F56D-4478-A452-AF6E8199DED6}.Release|x64.Build.0 = Release|Any CPU
		{709C639C-F56D-4478-A452-AF6E8199DED6}.Release|x86.ActiveCfg = Release|Any CPU
		{709C639C-F56D-4478-A452-AF6E8199DED6}.Release|x86.Build.0 = Release|Any CPU
		{FB8E9E34-B6CC-49EA-8D5F-B79FCC935D3B}.Debug|Any CPU.ActiveCfg = Debug|Any CPU
		{FB8E9E34-B6CC-49EA-8D5F-B79FCC935D3B}.Debug|Any CPU.Build.0 = Debug|Any CPU
		{FB8E9E34-B6CC-49EA-8D5F-B79FCC935D3B}.Debug|x64.ActiveCfg = Debug|Any CPU
		{FB8E9E34-B6CC-49EA-8D5F-B79FCC935D3B}.Debug|x64.Build.0 = Debug|Any CPU
		{FB8E9E34-B6CC-49EA-8D5F-B79FCC935D3B}.Debug|x86.ActiveCfg = Debug|Any CPU
		{FB8E9E34-B6CC-49EA-8D5F-B79FCC935D3B}.Debug|x86.Build.0 = Debug|Any CPU
		{FB8E9E34-B6CC-49EA-8D5F-B79FCC935D3B}.Release|Any CPU.ActiveCfg = Release|Any CPU
		{FB8E9E34-B6CC-49EA-8D5F-B79FCC935D3B}.Release|Any CPU.Build.0 = Release|Any CPU
		{FB8E9E34-B6CC-49EA-8D5F-B79FCC935D3B}.Release|x64.ActiveCfg = Release|Any CPU
		{FB8E9E34-B6CC-49EA-8D5F-B79FCC935D3B}.Release|x64.Build.0 = Release|Any CPU
		{FB8E9E34-B6CC-49EA-8D5F-B79FCC935D3B}.Release|x86.ActiveCfg = Release|Any CPU
		{FB8E9E34-B6CC-49EA-8D5F-B79FCC935D3B}.Release|x86.Build.0 = Release|Any CPU
		{B290FE88-7219-41BA-B950-A43F94E8B49F}.Debug|Any CPU.ActiveCfg = Debug|Any CPU
		{B290FE88-7219-41BA-B950-A43F94E8B49F}.Debug|Any CPU.Build.0 = Debug|Any CPU
		{B290FE88-7219-41BA-B950-A43F94E8B49F}.Debug|x64.ActiveCfg = Debug|Any CPU
		{B290FE88-7219-41BA-B950-A43F94E8B49F}.Debug|x64.Build.0 = Debug|Any CPU
		{B290FE88-7219-41BA-B950-A43F94E8B49F}.Debug|x86.ActiveCfg = Debug|Any CPU
		{B290FE88-7219-41BA-B950-A43F94E8B49F}.Debug|x86.Build.0 = Debug|Any CPU
		{B290FE88-7219-41BA-B950-A43F94E8B49F}.Release|Any CPU.ActiveCfg = Release|Any CPU
		{B290FE88-7219-41BA-B950-A43F94E8B49F}.Release|Any CPU.Build.0 = Release|Any CPU
		{B290FE88-7219-41BA-B950-A43F94E8B49F}.Release|x64.ActiveCfg = Release|Any CPU
		{B290FE88-7219-41BA-B950-A43F94E8B49F}.Release|x64.Build.0 = Release|Any CPU
		{B290FE88-7219-41BA-B950-A43F94E8B49F}.Release|x86.ActiveCfg = Release|Any CPU
		{B290FE88-7219-41BA-B950-A43F94E8B49F}.Release|x86.Build.0 = Release|Any CPU
		{F436593F-358A-4D1D-8030-88B92C424542}.Debug|Any CPU.ActiveCfg = Debug|Any CPU
		{F436593F-358A-4D1D-8030-88B92C424542}.Debug|Any CPU.Build.0 = Debug|Any CPU
		{F436593F-358A-4D1D-8030-88B92C424542}.Debug|x64.ActiveCfg = Debug|Any CPU
		{F436593F-358A-4D1D-8030-88B92C424542}.Debug|x64.Build.0 = Debug|Any CPU
		{F436593F-358A-4D1D-8030-88B92C424542}.Debug|x86.ActiveCfg = Debug|Any CPU
		{F436593F-358A-4D1D-8030-88B92C424542}.Debug|x86.Build.0 = Debug|Any CPU
		{F436593F-358A-4D1D-8030-88B92C424542}.Release|Any CPU.ActiveCfg = Release|Any CPU
		{F436593F-358A-4D1D-8030-88B92C424542}.Release|Any CPU.Build.0 = Release|Any CPU
		{F436593F-358A-4D1D-8030-88B92C424542}.Release|x64.ActiveCfg = Release|Any CPU
		{F436593F-358A-4D1D-8030-88B92C424542}.Release|x64.Build.0 = Release|Any CPU
		{F436593F-358A-4D1D-8030-88B92C424542}.Release|x86.ActiveCfg = Release|Any CPU
		{F436593F-358A-4D1D-8030-88B92C424542}.Release|x86.Build.0 = Release|Any CPU
		{3AF71C66-2BD1-4E24-A93C-A4EB833871E7}.Debug|Any CPU.ActiveCfg = Debug|Any CPU
		{3AF71C66-2BD1-4E24-A93C-A4EB833871E7}.Debug|Any CPU.Build.0 = Debug|Any CPU
		{3AF71C66-2BD1-4E24-A93C-A4EB833871E7}.Debug|x64.ActiveCfg = Debug|Any CPU
		{3AF71C66-2BD1-4E24-A93C-A4EB833871E7}.Debug|x64.Build.0 = Debug|Any CPU
		{3AF71C66-2BD1-4E24-A93C-A4EB833871E7}.Debug|x86.ActiveCfg = Debug|Any CPU
		{3AF71C66-2BD1-4E24-A93C-A4EB833871E7}.Debug|x86.Build.0 = Debug|Any CPU
		{3AF71C66-2BD1-4E24-A93C-A4EB833871E7}.Release|Any CPU.ActiveCfg = Release|Any CPU
		{3AF71C66-2BD1-4E24-A93C-A4EB833871E7}.Release|Any CPU.Build.0 = Release|Any CPU
		{3AF71C66-2BD1-4E24-A93C-A4EB833871E7}.Release|x64.ActiveCfg = Release|Any CPU
		{3AF71C66-2BD1-4E24-A93C-A4EB833871E7}.Release|x64.Build.0 = Release|Any CPU
		{3AF71C66-2BD1-4E24-A93C-A4EB833871E7}.Release|x86.ActiveCfg = Release|Any CPU
		{3AF71C66-2BD1-4E24-A93C-A4EB833871E7}.Release|x86.Build.0 = Release|Any CPU
		{4E8BB393-0F14-4542-B288-F02A58D2CAA6}.Debug|Any CPU.ActiveCfg = Debug|Any CPU
		{4E8BB393-0F14-4542-B288-F02A58D2CAA6}.Debug|Any CPU.Build.0 = Debug|Any CPU
		{4E8BB393-0F14-4542-B288-F02A58D2CAA6}.Debug|x64.ActiveCfg = Debug|Any CPU
		{4E8BB393-0F14-4542-B288-F02A58D2CAA6}.Debug|x64.Build.0 = Debug|Any CPU
		{4E8BB393-0F14-4542-B288-F02A58D2CAA6}.Debug|x86.ActiveCfg = Debug|Any CPU
		{4E8BB393-0F14-4542-B288-F02A58D2CAA6}.Debug|x86.Build.0 = Debug|Any CPU
		{4E8BB393-0F14-4542-B288-F02A58D2CAA6}.Release|Any CPU.ActiveCfg = Release|Any CPU
		{4E8BB393-0F14-4542-B288-F02A58D2CAA6}.Release|Any CPU.Build.0 = Release|Any CPU
		{4E8BB393-0F14-4542-B288-F02A58D2CAA6}.Release|x64.ActiveCfg = Release|Any CPU
		{4E8BB393-0F14-4542-B288-F02A58D2CAA6}.Release|x64.Build.0 = Release|Any CPU
		{4E8BB393-0F14-4542-B288-F02A58D2CAA6}.Release|x86.ActiveCfg = Release|Any CPU
		{4E8BB393-0F14-4542-B288-F02A58D2CAA6}.Release|x86.Build.0 = Release|Any CPU
		{227BF9AC-C3AA-4F6C-96B4-7C5F01C5D04B}.Debug|Any CPU.ActiveCfg = Debug|Any CPU
		{227BF9AC-C3AA-4F6C-96B4-7C5F01C5D04B}.Debug|Any CPU.Build.0 = Debug|Any CPU
		{227BF9AC-C3AA-4F6C-96B4-7C5F01C5D04B}.Debug|x64.ActiveCfg = Debug|Any CPU
		{227BF9AC-C3AA-4F6C-96B4-7C5F01C5D04B}.Debug|x64.Build.0 = Debug|Any CPU
		{227BF9AC-C3AA-4F6C-96B4-7C5F01C5D04B}.Debug|x86.ActiveCfg = Debug|Any CPU
		{227BF9AC-C3AA-4F6C-96B4-7C5F01C5D04B}.Debug|x86.Build.0 = Debug|Any CPU
		{227BF9AC-C3AA-4F6C-96B4-7C5F01C5D04B}.Release|Any CPU.ActiveCfg = Release|Any CPU
		{227BF9AC-C3AA-4F6C-96B4-7C5F01C5D04B}.Release|Any CPU.Build.0 = Release|Any CPU
		{227BF9AC-C3AA-4F6C-96B4-7C5F01C5D04B}.Release|x64.ActiveCfg = Release|Any CPU
		{227BF9AC-C3AA-4F6C-96B4-7C5F01C5D04B}.Release|x64.Build.0 = Release|Any CPU
		{227BF9AC-C3AA-4F6C-96B4-7C5F01C5D04B}.Release|x86.ActiveCfg = Release|Any CPU
		{227BF9AC-C3AA-4F6C-96B4-7C5F01C5D04B}.Release|x86.Build.0 = Release|Any CPU
		{1F2588CA-EB8B-4B3D-9234-A201F0938773}.Debug|Any CPU.ActiveCfg = Debug|Any CPU
		{1F2588CA-EB8B-4B3D-9234-A201F0938773}.Debug|Any CPU.Build.0 = Debug|Any CPU
		{1F2588CA-EB8B-4B3D-9234-A201F0938773}.Debug|x64.ActiveCfg = Debug|Any CPU
		{1F2588CA-EB8B-4B3D-9234-A201F0938773}.Debug|x64.Build.0 = Debug|Any CPU
		{1F2588CA-EB8B-4B3D-9234-A201F0938773}.Debug|x86.ActiveCfg = Debug|Any CPU
		{1F2588CA-EB8B-4B3D-9234-A201F0938773}.Debug|x86.Build.0 = Debug|Any CPU
		{1F2588CA-EB8B-4B3D-9234-A201F0938773}.Release|Any CPU.ActiveCfg = Release|Any CPU
		{1F2588CA-EB8B-4B3D-9234-A201F0938773}.Release|Any CPU.Build.0 = Release|Any CPU
		{1F2588CA-EB8B-4B3D-9234-A201F0938773}.Release|x64.ActiveCfg = Release|Any CPU
		{1F2588CA-EB8B-4B3D-9234-A201F0938773}.Release|x64.Build.0 = Release|Any CPU
		{1F2588CA-EB8B-4B3D-9234-A201F0938773}.Release|x86.ActiveCfg = Release|Any CPU
		{1F2588CA-EB8B-4B3D-9234-A201F0938773}.Release|x86.Build.0 = Release|Any CPU
		{EA7F2CCB-A136-46B8-A920-8F023E160ED6}.Debug|Any CPU.ActiveCfg = Debug|Any CPU
		{EA7F2CCB-A136-46B8-A920-8F023E160ED6}.Debug|Any CPU.Build.0 = Debug|Any CPU
		{EA7F2CCB-A136-46B8-A920-8F023E160ED6}.Debug|x64.ActiveCfg = Debug|Any CPU
		{EA7F2CCB-A136-46B8-A920-8F023E160ED6}.Debug|x64.Build.0 = Debug|Any CPU
		{EA7F2CCB-A136-46B8-A920-8F023E160ED6}.Debug|x86.ActiveCfg = Debug|Any CPU
		{EA7F2CCB-A136-46B8-A920-8F023E160ED6}.Debug|x86.Build.0 = Debug|Any CPU
		{EA7F2CCB-A136-46B8-A920-8F023E160ED6}.Release|Any CPU.ActiveCfg = Release|Any CPU
		{EA7F2CCB-A136-46B8-A920-8F023E160ED6}.Release|Any CPU.Build.0 = Release|Any CPU
		{EA7F2CCB-A136-46B8-A920-8F023E160ED6}.Release|x64.ActiveCfg = Release|Any CPU
		{EA7F2CCB-A136-46B8-A920-8F023E160ED6}.Release|x64.Build.0 = Release|Any CPU
		{EA7F2CCB-A136-46B8-A920-8F023E160ED6}.Release|x86.ActiveCfg = Release|Any CPU
		{EA7F2CCB-A136-46B8-A920-8F023E160ED6}.Release|x86.Build.0 = Release|Any CPU
		{B3132AE5-DB4D-474A-A108-EF5E7CA70BA7}.Debug|Any CPU.ActiveCfg = Debug|Any CPU
		{B3132AE5-DB4D-474A-A108-EF5E7CA70BA7}.Debug|Any CPU.Build.0 = Debug|Any CPU
		{B3132AE5-DB4D-474A-A108-EF5E7CA70BA7}.Debug|x64.ActiveCfg = Debug|Any CPU
		{B3132AE5-DB4D-474A-A108-EF5E7CA70BA7}.Debug|x64.Build.0 = Debug|Any CPU
		{B3132AE5-DB4D-474A-A108-EF5E7CA70BA7}.Debug|x86.ActiveCfg = Debug|Any CPU
		{B3132AE5-DB4D-474A-A108-EF5E7CA70BA7}.Debug|x86.Build.0 = Debug|Any CPU
		{B3132AE5-DB4D-474A-A108-EF5E7CA70BA7}.Release|Any CPU.ActiveCfg = Release|Any CPU
		{B3132AE5-DB4D-474A-A108-EF5E7CA70BA7}.Release|Any CPU.Build.0 = Release|Any CPU
		{B3132AE5-DB4D-474A-A108-EF5E7CA70BA7}.Release|x64.ActiveCfg = Release|Any CPU
		{B3132AE5-DB4D-474A-A108-EF5E7CA70BA7}.Release|x64.Build.0 = Release|Any CPU
		{B3132AE5-DB4D-474A-A108-EF5E7CA70BA7}.Release|x86.ActiveCfg = Release|Any CPU
		{B3132AE5-DB4D-474A-A108-EF5E7CA70BA7}.Release|x86.Build.0 = Release|Any CPU
		{CE9B0009-823F-4089-9FDB-F7135AF8C289}.Debug|Any CPU.ActiveCfg = Debug|Any CPU
		{CE9B0009-823F-4089-9FDB-F7135AF8C289}.Debug|Any CPU.Build.0 = Debug|Any CPU
		{CE9B0009-823F-4089-9FDB-F7135AF8C289}.Debug|x64.ActiveCfg = Debug|Any CPU
		{CE9B0009-823F-4089-9FDB-F7135AF8C289}.Debug|x64.Build.0 = Debug|Any CPU
		{CE9B0009-823F-4089-9FDB-F7135AF8C289}.Debug|x86.ActiveCfg = Debug|Any CPU
		{CE9B0009-823F-4089-9FDB-F7135AF8C289}.Debug|x86.Build.0 = Debug|Any CPU
		{CE9B0009-823F-4089-9FDB-F7135AF8C289}.Release|Any CPU.ActiveCfg = Release|Any CPU
		{CE9B0009-823F-4089-9FDB-F7135AF8C289}.Release|Any CPU.Build.0 = Release|Any CPU
		{CE9B0009-823F-4089-9FDB-F7135AF8C289}.Release|x64.ActiveCfg = Release|Any CPU
		{CE9B0009-823F-4089-9FDB-F7135AF8C289}.Release|x64.Build.0 = Release|Any CPU
		{CE9B0009-823F-4089-9FDB-F7135AF8C289}.Release|x86.ActiveCfg = Release|Any CPU
		{CE9B0009-823F-4089-9FDB-F7135AF8C289}.Release|x86.Build.0 = Release|Any CPU
		{6317EB6F-A307-4B92-AFEA-788A0076EE52}.Debug|Any CPU.ActiveCfg = Debug|Any CPU
		{6317EB6F-A307-4B92-AFEA-788A0076EE52}.Debug|Any CPU.Build.0 = Debug|Any CPU
		{6317EB6F-A307-4B92-AFEA-788A0076EE52}.Debug|x64.ActiveCfg = Debug|Any CPU
		{6317EB6F-A307-4B92-AFEA-788A0076EE52}.Debug|x64.Build.0 = Debug|Any CPU
		{6317EB6F-A307-4B92-AFEA-788A0076EE52}.Debug|x86.ActiveCfg = Debug|Any CPU
		{6317EB6F-A307-4B92-AFEA-788A0076EE52}.Debug|x86.Build.0 = Debug|Any CPU
		{6317EB6F-A307-4B92-AFEA-788A0076EE52}.Release|Any CPU.ActiveCfg = Release|Any CPU
		{6317EB6F-A307-4B92-AFEA-788A0076EE52}.Release|Any CPU.Build.0 = Release|Any CPU
		{6317EB6F-A307-4B92-AFEA-788A0076EE52}.Release|x64.ActiveCfg = Release|Any CPU
		{6317EB6F-A307-4B92-AFEA-788A0076EE52}.Release|x64.Build.0 = Release|Any CPU
		{6317EB6F-A307-4B92-AFEA-788A0076EE52}.Release|x86.ActiveCfg = Release|Any CPU
		{6317EB6F-A307-4B92-AFEA-788A0076EE52}.Release|x86.Build.0 = Release|Any CPU
		{742C8894-AE68-4E16-993B-12487E17C9FC}.Debug|Any CPU.ActiveCfg = Debug|Any CPU
		{742C8894-AE68-4E16-993B-12487E17C9FC}.Debug|Any CPU.Build.0 = Debug|Any CPU
		{742C8894-AE68-4E16-993B-12487E17C9FC}.Debug|x64.ActiveCfg = Debug|Any CPU
		{742C8894-AE68-4E16-993B-12487E17C9FC}.Debug|x64.Build.0 = Debug|Any CPU
		{742C8894-AE68-4E16-993B-12487E17C9FC}.Debug|x86.ActiveCfg = Debug|Any CPU
		{742C8894-AE68-4E16-993B-12487E17C9FC}.Debug|x86.Build.0 = Debug|Any CPU
		{742C8894-AE68-4E16-993B-12487E17C9FC}.Release|Any CPU.ActiveCfg = Release|Any CPU
		{742C8894-AE68-4E16-993B-12487E17C9FC}.Release|Any CPU.Build.0 = Release|Any CPU
		{742C8894-AE68-4E16-993B-12487E17C9FC}.Release|x64.ActiveCfg = Release|Any CPU
		{742C8894-AE68-4E16-993B-12487E17C9FC}.Release|x64.Build.0 = Release|Any CPU
		{742C8894-AE68-4E16-993B-12487E17C9FC}.Release|x86.ActiveCfg = Release|Any CPU
		{742C8894-AE68-4E16-993B-12487E17C9FC}.Release|x86.Build.0 = Release|Any CPU
		{3C6BDB11-5D4C-42CF-967D-59E35DF24D94}.Debug|Any CPU.ActiveCfg = Debug|Any CPU
		{3C6BDB11-5D4C-42CF-967D-59E35DF24D94}.Debug|Any CPU.Build.0 = Debug|Any CPU
		{3C6BDB11-5D4C-42CF-967D-59E35DF24D94}.Debug|x64.ActiveCfg = Debug|Any CPU
		{3C6BDB11-5D4C-42CF-967D-59E35DF24D94}.Debug|x64.Build.0 = Debug|Any CPU
		{3C6BDB11-5D4C-42CF-967D-59E35DF24D94}.Debug|x86.ActiveCfg = Debug|Any CPU
		{3C6BDB11-5D4C-42CF-967D-59E35DF24D94}.Debug|x86.Build.0 = Debug|Any CPU
		{3C6BDB11-5D4C-42CF-967D-59E35DF24D94}.Release|Any CPU.ActiveCfg = Release|Any CPU
		{3C6BDB11-5D4C-42CF-967D-59E35DF24D94}.Release|Any CPU.Build.0 = Release|Any CPU
		{3C6BDB11-5D4C-42CF-967D-59E35DF24D94}.Release|x64.ActiveCfg = Release|Any CPU
		{3C6BDB11-5D4C-42CF-967D-59E35DF24D94}.Release|x64.Build.0 = Release|Any CPU
		{3C6BDB11-5D4C-42CF-967D-59E35DF24D94}.Release|x86.ActiveCfg = Release|Any CPU
		{3C6BDB11-5D4C-42CF-967D-59E35DF24D94}.Release|x86.Build.0 = Release|Any CPU
		{82278E32-93FD-4035-ACFC-D4E7C248E826}.Debug|Any CPU.ActiveCfg = Debug|Any CPU
		{82278E32-93FD-4035-ACFC-D4E7C248E826}.Debug|Any CPU.Build.0 = Debug|Any CPU
		{82278E32-93FD-4035-ACFC-D4E7C248E826}.Debug|x64.ActiveCfg = Debug|Any CPU
		{82278E32-93FD-4035-ACFC-D4E7C248E826}.Debug|x64.Build.0 = Debug|Any CPU
		{82278E32-93FD-4035-ACFC-D4E7C248E826}.Debug|x86.ActiveCfg = Debug|Any CPU
		{82278E32-93FD-4035-ACFC-D4E7C248E826}.Debug|x86.Build.0 = Debug|Any CPU
		{82278E32-93FD-4035-ACFC-D4E7C248E826}.Release|Any CPU.ActiveCfg = Release|Any CPU
		{82278E32-93FD-4035-ACFC-D4E7C248E826}.Release|Any CPU.Build.0 = Release|Any CPU
		{82278E32-93FD-4035-ACFC-D4E7C248E826}.Release|x64.ActiveCfg = Release|Any CPU
		{82278E32-93FD-4035-ACFC-D4E7C248E826}.Release|x64.Build.0 = Release|Any CPU
		{82278E32-93FD-4035-ACFC-D4E7C248E826}.Release|x86.ActiveCfg = Release|Any CPU
		{82278E32-93FD-4035-ACFC-D4E7C248E826}.Release|x86.Build.0 = Release|Any CPU
		{0745D40A-81EC-4A7E-BD1A-3EB148EA91EC}.Debug|Any CPU.ActiveCfg = Debug|Any CPU
		{0745D40A-81EC-4A7E-BD1A-3EB148EA91EC}.Debug|Any CPU.Build.0 = Debug|Any CPU
		{0745D40A-81EC-4A7E-BD1A-3EB148EA91EC}.Debug|x64.ActiveCfg = Debug|Any CPU
		{0745D40A-81EC-4A7E-BD1A-3EB148EA91EC}.Debug|x64.Build.0 = Debug|Any CPU
		{0745D40A-81EC-4A7E-BD1A-3EB148EA91EC}.Debug|x86.ActiveCfg = Debug|Any CPU
		{0745D40A-81EC-4A7E-BD1A-3EB148EA91EC}.Debug|x86.Build.0 = Debug|Any CPU
		{0745D40A-81EC-4A7E-BD1A-3EB148EA91EC}.Release|Any CPU.ActiveCfg = Release|Any CPU
		{0745D40A-81EC-4A7E-BD1A-3EB148EA91EC}.Release|Any CPU.Build.0 = Release|Any CPU
		{0745D40A-81EC-4A7E-BD1A-3EB148EA91EC}.Release|x64.ActiveCfg = Release|Any CPU
		{0745D40A-81EC-4A7E-BD1A-3EB148EA91EC}.Release|x64.Build.0 = Release|Any CPU
		{0745D40A-81EC-4A7E-BD1A-3EB148EA91EC}.Release|x86.ActiveCfg = Release|Any CPU
		{0745D40A-81EC-4A7E-BD1A-3EB148EA91EC}.Release|x86.Build.0 = Release|Any CPU
		{2E6D9858-64F0-45D5-8D79-6DB83B04EFB1}.Debug|Any CPU.ActiveCfg = Debug|Any CPU
		{2E6D9858-64F0-45D5-8D79-6DB83B04EFB1}.Debug|Any CPU.Build.0 = Debug|Any CPU
		{2E6D9858-64F0-45D5-8D79-6DB83B04EFB1}.Debug|x64.ActiveCfg = Debug|Any CPU
		{2E6D9858-64F0-45D5-8D79-6DB83B04EFB1}.Debug|x64.Build.0 = Debug|Any CPU
		{2E6D9858-64F0-45D5-8D79-6DB83B04EFB1}.Debug|x86.ActiveCfg = Debug|Any CPU
		{2E6D9858-64F0-45D5-8D79-6DB83B04EFB1}.Debug|x86.Build.0 = Debug|Any CPU
		{2E6D9858-64F0-45D5-8D79-6DB83B04EFB1}.Release|Any CPU.ActiveCfg = Release|Any CPU
		{2E6D9858-64F0-45D5-8D79-6DB83B04EFB1}.Release|Any CPU.Build.0 = Release|Any CPU
		{2E6D9858-64F0-45D5-8D79-6DB83B04EFB1}.Release|x64.ActiveCfg = Release|Any CPU
		{2E6D9858-64F0-45D5-8D79-6DB83B04EFB1}.Release|x64.Build.0 = Release|Any CPU
		{2E6D9858-64F0-45D5-8D79-6DB83B04EFB1}.Release|x86.ActiveCfg = Release|Any CPU
		{2E6D9858-64F0-45D5-8D79-6DB83B04EFB1}.Release|x86.Build.0 = Release|Any CPU
		{21985E4E-1173-4908-898E-49B566FA01E2}.Debug|Any CPU.ActiveCfg = Debug|Any CPU
		{21985E4E-1173-4908-898E-49B566FA01E2}.Debug|Any CPU.Build.0 = Debug|Any CPU
		{21985E4E-1173-4908-898E-49B566FA01E2}.Debug|x64.ActiveCfg = Debug|Any CPU
		{21985E4E-1173-4908-898E-49B566FA01E2}.Debug|x64.Build.0 = Debug|Any CPU
		{21985E4E-1173-4908-898E-49B566FA01E2}.Debug|x86.ActiveCfg = Debug|Any CPU
		{21985E4E-1173-4908-898E-49B566FA01E2}.Debug|x86.Build.0 = Debug|Any CPU
		{21985E4E-1173-4908-898E-49B566FA01E2}.Release|Any CPU.ActiveCfg = Release|Any CPU
		{21985E4E-1173-4908-898E-49B566FA01E2}.Release|Any CPU.Build.0 = Release|Any CPU
		{21985E4E-1173-4908-898E-49B566FA01E2}.Release|x64.ActiveCfg = Release|Any CPU
		{21985E4E-1173-4908-898E-49B566FA01E2}.Release|x64.Build.0 = Release|Any CPU
		{21985E4E-1173-4908-898E-49B566FA01E2}.Release|x86.ActiveCfg = Release|Any CPU
		{21985E4E-1173-4908-898E-49B566FA01E2}.Release|x86.Build.0 = Release|Any CPU
		{D18CF718-497C-4FCD-B9BB-B647843A2946}.Debug|Any CPU.ActiveCfg = Debug|Any CPU
		{D18CF718-497C-4FCD-B9BB-B647843A2946}.Debug|Any CPU.Build.0 = Debug|Any CPU
		{D18CF718-497C-4FCD-B9BB-B647843A2946}.Debug|x64.ActiveCfg = Debug|Any CPU
		{D18CF718-497C-4FCD-B9BB-B647843A2946}.Debug|x64.Build.0 = Debug|Any CPU
		{D18CF718-497C-4FCD-B9BB-B647843A2946}.Debug|x86.ActiveCfg = Debug|Any CPU
		{D18CF718-497C-4FCD-B9BB-B647843A2946}.Debug|x86.Build.0 = Debug|Any CPU
		{D18CF718-497C-4FCD-B9BB-B647843A2946}.Release|Any CPU.ActiveCfg = Release|Any CPU
		{D18CF718-497C-4FCD-B9BB-B647843A2946}.Release|Any CPU.Build.0 = Release|Any CPU
		{D18CF718-497C-4FCD-B9BB-B647843A2946}.Release|x64.ActiveCfg = Release|Any CPU
		{D18CF718-497C-4FCD-B9BB-B647843A2946}.Release|x64.Build.0 = Release|Any CPU
		{D18CF718-497C-4FCD-B9BB-B647843A2946}.Release|x86.ActiveCfg = Release|Any CPU
		{D18CF718-497C-4FCD-B9BB-B647843A2946}.Release|x86.Build.0 = Release|Any CPU
		{CA3ECA43-BE32-4841-A670-A861616C3F40}.Debug|Any CPU.ActiveCfg = Debug|Any CPU
		{CA3ECA43-BE32-4841-A670-A861616C3F40}.Debug|Any CPU.Build.0 = Debug|Any CPU
		{CA3ECA43-BE32-4841-A670-A861616C3F40}.Debug|x64.ActiveCfg = Debug|Any CPU
		{CA3ECA43-BE32-4841-A670-A861616C3F40}.Debug|x64.Build.0 = Debug|Any CPU
		{CA3ECA43-BE32-4841-A670-A861616C3F40}.Debug|x86.ActiveCfg = Debug|Any CPU
		{CA3ECA43-BE32-4841-A670-A861616C3F40}.Debug|x86.Build.0 = Debug|Any CPU
		{CA3ECA43-BE32-4841-A670-A861616C3F40}.Release|Any CPU.ActiveCfg = Release|Any CPU
		{CA3ECA43-BE32-4841-A670-A861616C3F40}.Release|Any CPU.Build.0 = Release|Any CPU
		{CA3ECA43-BE32-4841-A670-A861616C3F40}.Release|x64.ActiveCfg = Release|Any CPU
		{CA3ECA43-BE32-4841-A670-A861616C3F40}.Release|x64.Build.0 = Release|Any CPU
		{CA3ECA43-BE32-4841-A670-A861616C3F40}.Release|x86.ActiveCfg = Release|Any CPU
		{CA3ECA43-BE32-4841-A670-A861616C3F40}.Release|x86.Build.0 = Release|Any CPU
		{6A34948D-6D38-48DD-98B3-EAD56950FCA8}.Debug|Any CPU.ActiveCfg = Debug|Any CPU
		{6A34948D-6D38-48DD-98B3-EAD56950FCA8}.Debug|Any CPU.Build.0 = Debug|Any CPU
		{6A34948D-6D38-48DD-98B3-EAD56950FCA8}.Debug|x64.ActiveCfg = Debug|Any CPU
		{6A34948D-6D38-48DD-98B3-EAD56950FCA8}.Debug|x64.Build.0 = Debug|Any CPU
		{6A34948D-6D38-48DD-98B3-EAD56950FCA8}.Debug|x86.ActiveCfg = Debug|Any CPU
		{6A34948D-6D38-48DD-98B3-EAD56950FCA8}.Debug|x86.Build.0 = Debug|Any CPU
		{6A34948D-6D38-48DD-98B3-EAD56950FCA8}.Release|Any CPU.ActiveCfg = Release|Any CPU
		{6A34948D-6D38-48DD-98B3-EAD56950FCA8}.Release|Any CPU.Build.0 = Release|Any CPU
		{6A34948D-6D38-48DD-98B3-EAD56950FCA8}.Release|x64.ActiveCfg = Release|Any CPU
		{6A34948D-6D38-48DD-98B3-EAD56950FCA8}.Release|x64.Build.0 = Release|Any CPU
		{6A34948D-6D38-48DD-98B3-EAD56950FCA8}.Release|x86.ActiveCfg = Release|Any CPU
		{6A34948D-6D38-48DD-98B3-EAD56950FCA8}.Release|x86.Build.0 = Release|Any CPU
		{66A6A4F1-5F39-41AC-856A-52D087205908}.Debug|Any CPU.ActiveCfg = Debug|Any CPU
		{66A6A4F1-5F39-41AC-856A-52D087205908}.Debug|Any CPU.Build.0 = Debug|Any CPU
		{66A6A4F1-5F39-41AC-856A-52D087205908}.Debug|x64.ActiveCfg = Debug|Any CPU
		{66A6A4F1-5F39-41AC-856A-52D087205908}.Debug|x64.Build.0 = Debug|Any CPU
		{66A6A4F1-5F39-41AC-856A-52D087205908}.Debug|x86.ActiveCfg = Debug|Any CPU
		{66A6A4F1-5F39-41AC-856A-52D087205908}.Debug|x86.Build.0 = Debug|Any CPU
		{66A6A4F1-5F39-41AC-856A-52D087205908}.Release|Any CPU.ActiveCfg = Release|Any CPU
		{66A6A4F1-5F39-41AC-856A-52D087205908}.Release|Any CPU.Build.0 = Release|Any CPU
		{66A6A4F1-5F39-41AC-856A-52D087205908}.Release|x64.ActiveCfg = Release|Any CPU
		{66A6A4F1-5F39-41AC-856A-52D087205908}.Release|x64.Build.0 = Release|Any CPU
		{66A6A4F1-5F39-41AC-856A-52D087205908}.Release|x86.ActiveCfg = Release|Any CPU
		{66A6A4F1-5F39-41AC-856A-52D087205908}.Release|x86.Build.0 = Release|Any CPU
		{DBA88B6F-423F-4C89-904A-A53A4A5617F3}.Debug|Any CPU.ActiveCfg = Debug|Any CPU
		{DBA88B6F-423F-4C89-904A-A53A4A5617F3}.Debug|Any CPU.Build.0 = Debug|Any CPU
		{DBA88B6F-423F-4C89-904A-A53A4A5617F3}.Debug|x64.ActiveCfg = Debug|Any CPU
		{DBA88B6F-423F-4C89-904A-A53A4A5617F3}.Debug|x64.Build.0 = Debug|Any CPU
		{DBA88B6F-423F-4C89-904A-A53A4A5617F3}.Debug|x86.ActiveCfg = Debug|Any CPU
		{DBA88B6F-423F-4C89-904A-A53A4A5617F3}.Debug|x86.Build.0 = Debug|Any CPU
		{DBA88B6F-423F-4C89-904A-A53A4A5617F3}.Release|Any CPU.ActiveCfg = Release|Any CPU
		{DBA88B6F-423F-4C89-904A-A53A4A5617F3}.Release|Any CPU.Build.0 = Release|Any CPU
		{DBA88B6F-423F-4C89-904A-A53A4A5617F3}.Release|x64.ActiveCfg = Release|Any CPU
		{DBA88B6F-423F-4C89-904A-A53A4A5617F3}.Release|x64.Build.0 = Release|Any CPU
		{DBA88B6F-423F-4C89-904A-A53A4A5617F3}.Release|x86.ActiveCfg = Release|Any CPU
		{DBA88B6F-423F-4C89-904A-A53A4A5617F3}.Release|x86.Build.0 = Release|Any CPU
		{11347592-66A0-4D78-925D-A200BF88810B}.Debug|Any CPU.ActiveCfg = Debug|Any CPU
		{11347592-66A0-4D78-925D-A200BF88810B}.Debug|Any CPU.Build.0 = Debug|Any CPU
		{11347592-66A0-4D78-925D-A200BF88810B}.Debug|x64.ActiveCfg = Debug|Any CPU
		{11347592-66A0-4D78-925D-A200BF88810B}.Debug|x64.Build.0 = Debug|Any CPU
		{11347592-66A0-4D78-925D-A200BF88810B}.Debug|x86.ActiveCfg = Debug|Any CPU
		{11347592-66A0-4D78-925D-A200BF88810B}.Debug|x86.Build.0 = Debug|Any CPU
		{11347592-66A0-4D78-925D-A200BF88810B}.Release|Any CPU.ActiveCfg = Release|Any CPU
		{11347592-66A0-4D78-925D-A200BF88810B}.Release|Any CPU.Build.0 = Release|Any CPU
		{11347592-66A0-4D78-925D-A200BF88810B}.Release|x64.ActiveCfg = Release|Any CPU
		{11347592-66A0-4D78-925D-A200BF88810B}.Release|x64.Build.0 = Release|Any CPU
		{11347592-66A0-4D78-925D-A200BF88810B}.Release|x86.ActiveCfg = Release|Any CPU
		{11347592-66A0-4D78-925D-A200BF88810B}.Release|x86.Build.0 = Release|Any CPU
		{F153969C-D814-4B74-A878-D7A57489546A}.Debug|Any CPU.ActiveCfg = Debug|Any CPU
		{F153969C-D814-4B74-A878-D7A57489546A}.Debug|Any CPU.Build.0 = Debug|Any CPU
		{F153969C-D814-4B74-A878-D7A57489546A}.Debug|x64.ActiveCfg = Debug|Any CPU
		{F153969C-D814-4B74-A878-D7A57489546A}.Debug|x64.Build.0 = Debug|Any CPU
		{F153969C-D814-4B74-A878-D7A57489546A}.Debug|x86.ActiveCfg = Debug|Any CPU
		{F153969C-D814-4B74-A878-D7A57489546A}.Debug|x86.Build.0 = Debug|Any CPU
		{F153969C-D814-4B74-A878-D7A57489546A}.Release|Any CPU.ActiveCfg = Release|Any CPU
		{F153969C-D814-4B74-A878-D7A57489546A}.Release|Any CPU.Build.0 = Release|Any CPU
		{F153969C-D814-4B74-A878-D7A57489546A}.Release|x64.ActiveCfg = Release|Any CPU
		{F153969C-D814-4B74-A878-D7A57489546A}.Release|x64.Build.0 = Release|Any CPU
		{F153969C-D814-4B74-A878-D7A57489546A}.Release|x86.ActiveCfg = Release|Any CPU
		{F153969C-D814-4B74-A878-D7A57489546A}.Release|x86.Build.0 = Release|Any CPU
		{BAE91AA0-884D-4A2A-8717-B740DA720335}.Debug|Any CPU.ActiveCfg = Debug|Any CPU
		{BAE91AA0-884D-4A2A-8717-B740DA720335}.Debug|Any CPU.Build.0 = Debug|Any CPU
		{BAE91AA0-884D-4A2A-8717-B740DA720335}.Debug|x64.ActiveCfg = Debug|Any CPU
		{BAE91AA0-884D-4A2A-8717-B740DA720335}.Debug|x64.Build.0 = Debug|Any CPU
		{BAE91AA0-884D-4A2A-8717-B740DA720335}.Debug|x86.ActiveCfg = Debug|Any CPU
		{BAE91AA0-884D-4A2A-8717-B740DA720335}.Debug|x86.Build.0 = Debug|Any CPU
		{BAE91AA0-884D-4A2A-8717-B740DA720335}.Release|Any CPU.ActiveCfg = Release|Any CPU
		{BAE91AA0-884D-4A2A-8717-B740DA720335}.Release|Any CPU.Build.0 = Release|Any CPU
		{BAE91AA0-884D-4A2A-8717-B740DA720335}.Release|x64.ActiveCfg = Release|Any CPU
		{BAE91AA0-884D-4A2A-8717-B740DA720335}.Release|x64.Build.0 = Release|Any CPU
		{BAE91AA0-884D-4A2A-8717-B740DA720335}.Release|x86.ActiveCfg = Release|Any CPU
		{BAE91AA0-884D-4A2A-8717-B740DA720335}.Release|x86.Build.0 = Release|Any CPU
		{409408C1-17F3-4B4F-99FA-FF2A05161D7F}.Debug|Any CPU.ActiveCfg = Debug|Any CPU
		{409408C1-17F3-4B4F-99FA-FF2A05161D7F}.Debug|Any CPU.Build.0 = Debug|Any CPU
		{409408C1-17F3-4B4F-99FA-FF2A05161D7F}.Debug|x64.ActiveCfg = Debug|Any CPU
		{409408C1-17F3-4B4F-99FA-FF2A05161D7F}.Debug|x64.Build.0 = Debug|Any CPU
		{409408C1-17F3-4B4F-99FA-FF2A05161D7F}.Debug|x86.ActiveCfg = Debug|Any CPU
		{409408C1-17F3-4B4F-99FA-FF2A05161D7F}.Debug|x86.Build.0 = Debug|Any CPU
		{409408C1-17F3-4B4F-99FA-FF2A05161D7F}.Release|Any CPU.ActiveCfg = Release|Any CPU
		{409408C1-17F3-4B4F-99FA-FF2A05161D7F}.Release|Any CPU.Build.0 = Release|Any CPU
		{409408C1-17F3-4B4F-99FA-FF2A05161D7F}.Release|x64.ActiveCfg = Release|Any CPU
		{409408C1-17F3-4B4F-99FA-FF2A05161D7F}.Release|x64.Build.0 = Release|Any CPU
		{409408C1-17F3-4B4F-99FA-FF2A05161D7F}.Release|x86.ActiveCfg = Release|Any CPU
		{409408C1-17F3-4B4F-99FA-FF2A05161D7F}.Release|x86.Build.0 = Release|Any CPU
		{BC4BBB02-9EDE-42AB-BBC1-88F67276C0B2}.Debug|Any CPU.ActiveCfg = Debug|Any CPU
		{BC4BBB02-9EDE-42AB-BBC1-88F67276C0B2}.Debug|Any CPU.Build.0 = Debug|Any CPU
		{BC4BBB02-9EDE-42AB-BBC1-88F67276C0B2}.Debug|x64.ActiveCfg = Debug|Any CPU
		{BC4BBB02-9EDE-42AB-BBC1-88F67276C0B2}.Debug|x64.Build.0 = Debug|Any CPU
		{BC4BBB02-9EDE-42AB-BBC1-88F67276C0B2}.Debug|x86.ActiveCfg = Debug|Any CPU
		{BC4BBB02-9EDE-42AB-BBC1-88F67276C0B2}.Debug|x86.Build.0 = Debug|Any CPU
		{BC4BBB02-9EDE-42AB-BBC1-88F67276C0B2}.Release|Any CPU.ActiveCfg = Release|Any CPU
		{BC4BBB02-9EDE-42AB-BBC1-88F67276C0B2}.Release|Any CPU.Build.0 = Release|Any CPU
		{BC4BBB02-9EDE-42AB-BBC1-88F67276C0B2}.Release|x64.ActiveCfg = Release|Any CPU
		{BC4BBB02-9EDE-42AB-BBC1-88F67276C0B2}.Release|x64.Build.0 = Release|Any CPU
		{BC4BBB02-9EDE-42AB-BBC1-88F67276C0B2}.Release|x86.ActiveCfg = Release|Any CPU
		{BC4BBB02-9EDE-42AB-BBC1-88F67276C0B2}.Release|x86.Build.0 = Release|Any CPU
		{E8236766-6B8B-4FE0-A126-F6AB0B2F8939}.Debug|Any CPU.ActiveCfg = Debug|Any CPU
		{E8236766-6B8B-4FE0-A126-F6AB0B2F8939}.Debug|Any CPU.Build.0 = Debug|Any CPU
		{E8236766-6B8B-4FE0-A126-F6AB0B2F8939}.Debug|x64.ActiveCfg = Debug|Any CPU
		{E8236766-6B8B-4FE0-A126-F6AB0B2F8939}.Debug|x64.Build.0 = Debug|Any CPU
		{E8236766-6B8B-4FE0-A126-F6AB0B2F8939}.Debug|x86.ActiveCfg = Debug|Any CPU
		{E8236766-6B8B-4FE0-A126-F6AB0B2F8939}.Debug|x86.Build.0 = Debug|Any CPU
		{E8236766-6B8B-4FE0-A126-F6AB0B2F8939}.Release|Any CPU.ActiveCfg = Release|Any CPU
		{E8236766-6B8B-4FE0-A126-F6AB0B2F8939}.Release|Any CPU.Build.0 = Release|Any CPU
		{E8236766-6B8B-4FE0-A126-F6AB0B2F8939}.Release|x64.ActiveCfg = Release|Any CPU
		{E8236766-6B8B-4FE0-A126-F6AB0B2F8939}.Release|x64.Build.0 = Release|Any CPU
		{E8236766-6B8B-4FE0-A126-F6AB0B2F8939}.Release|x86.ActiveCfg = Release|Any CPU
		{E8236766-6B8B-4FE0-A126-F6AB0B2F8939}.Release|x86.Build.0 = Release|Any CPU
		{6F91FCCF-5FCE-4B17-9A04-3BFAD4F638CB}.Debug|Any CPU.ActiveCfg = Debug|Any CPU
		{6F91FCCF-5FCE-4B17-9A04-3BFAD4F638CB}.Debug|Any CPU.Build.0 = Debug|Any CPU
		{6F91FCCF-5FCE-4B17-9A04-3BFAD4F638CB}.Debug|x64.ActiveCfg = Debug|Any CPU
		{6F91FCCF-5FCE-4B17-9A04-3BFAD4F638CB}.Debug|x64.Build.0 = Debug|Any CPU
		{6F91FCCF-5FCE-4B17-9A04-3BFAD4F638CB}.Debug|x86.ActiveCfg = Debug|Any CPU
		{6F91FCCF-5FCE-4B17-9A04-3BFAD4F638CB}.Debug|x86.Build.0 = Debug|Any CPU
		{6F91FCCF-5FCE-4B17-9A04-3BFAD4F638CB}.Release|Any CPU.ActiveCfg = Release|Any CPU
		{6F91FCCF-5FCE-4B17-9A04-3BFAD4F638CB}.Release|Any CPU.Build.0 = Release|Any CPU
		{6F91FCCF-5FCE-4B17-9A04-3BFAD4F638CB}.Release|x64.ActiveCfg = Release|Any CPU
		{6F91FCCF-5FCE-4B17-9A04-3BFAD4F638CB}.Release|x64.Build.0 = Release|Any CPU
		{6F91FCCF-5FCE-4B17-9A04-3BFAD4F638CB}.Release|x86.ActiveCfg = Release|Any CPU
		{6F91FCCF-5FCE-4B17-9A04-3BFAD4F638CB}.Release|x86.Build.0 = Release|Any CPU
		{08AC6FB1-8A79-45FD-ACB0-6F416A3BA340}.Debug|Any CPU.ActiveCfg = Debug|Any CPU
		{08AC6FB1-8A79-45FD-ACB0-6F416A3BA340}.Debug|Any CPU.Build.0 = Debug|Any CPU
		{08AC6FB1-8A79-45FD-ACB0-6F416A3BA340}.Debug|x64.ActiveCfg = Debug|Any CPU
		{08AC6FB1-8A79-45FD-ACB0-6F416A3BA340}.Debug|x64.Build.0 = Debug|Any CPU
		{08AC6FB1-8A79-45FD-ACB0-6F416A3BA340}.Debug|x86.ActiveCfg = Debug|Any CPU
		{08AC6FB1-8A79-45FD-ACB0-6F416A3BA340}.Debug|x86.Build.0 = Debug|Any CPU
		{08AC6FB1-8A79-45FD-ACB0-6F416A3BA340}.Release|Any CPU.ActiveCfg = Release|Any CPU
		{08AC6FB1-8A79-45FD-ACB0-6F416A3BA340}.Release|Any CPU.Build.0 = Release|Any CPU
		{08AC6FB1-8A79-45FD-ACB0-6F416A3BA340}.Release|x64.ActiveCfg = Release|Any CPU
		{08AC6FB1-8A79-45FD-ACB0-6F416A3BA340}.Release|x64.Build.0 = Release|Any CPU
		{08AC6FB1-8A79-45FD-ACB0-6F416A3BA340}.Release|x86.ActiveCfg = Release|Any CPU
		{08AC6FB1-8A79-45FD-ACB0-6F416A3BA340}.Release|x86.Build.0 = Release|Any CPU
		{BD1B435E-69FA-4865-9214-D9A0F625752E}.Debug|Any CPU.ActiveCfg = Debug|Any CPU
		{BD1B435E-69FA-4865-9214-D9A0F625752E}.Debug|Any CPU.Build.0 = Debug|Any CPU
		{BD1B435E-69FA-4865-9214-D9A0F625752E}.Debug|x64.ActiveCfg = Debug|Any CPU
		{BD1B435E-69FA-4865-9214-D9A0F625752E}.Debug|x64.Build.0 = Debug|Any CPU
		{BD1B435E-69FA-4865-9214-D9A0F625752E}.Debug|x86.ActiveCfg = Debug|Any CPU
		{BD1B435E-69FA-4865-9214-D9A0F625752E}.Debug|x86.Build.0 = Debug|Any CPU
		{BD1B435E-69FA-4865-9214-D9A0F625752E}.Release|Any CPU.ActiveCfg = Release|Any CPU
		{BD1B435E-69FA-4865-9214-D9A0F625752E}.Release|Any CPU.Build.0 = Release|Any CPU
		{BD1B435E-69FA-4865-9214-D9A0F625752E}.Release|x64.ActiveCfg = Release|Any CPU
		{BD1B435E-69FA-4865-9214-D9A0F625752E}.Release|x64.Build.0 = Release|Any CPU
		{BD1B435E-69FA-4865-9214-D9A0F625752E}.Release|x86.ActiveCfg = Release|Any CPU
		{BD1B435E-69FA-4865-9214-D9A0F625752E}.Release|x86.Build.0 = Release|Any CPU
		{C0CA0C3B-6FB1-4A80-8C66-8CBF8C2816E1}.Debug|Any CPU.ActiveCfg = Debug|Any CPU
		{C0CA0C3B-6FB1-4A80-8C66-8CBF8C2816E1}.Debug|Any CPU.Build.0 = Debug|Any CPU
		{C0CA0C3B-6FB1-4A80-8C66-8CBF8C2816E1}.Debug|x64.ActiveCfg = Debug|Any CPU
		{C0CA0C3B-6FB1-4A80-8C66-8CBF8C2816E1}.Debug|x64.Build.0 = Debug|Any CPU
		{C0CA0C3B-6FB1-4A80-8C66-8CBF8C2816E1}.Debug|x86.ActiveCfg = Debug|Any CPU
		{C0CA0C3B-6FB1-4A80-8C66-8CBF8C2816E1}.Debug|x86.Build.0 = Debug|Any CPU
		{C0CA0C3B-6FB1-4A80-8C66-8CBF8C2816E1}.Release|Any CPU.ActiveCfg = Release|Any CPU
		{C0CA0C3B-6FB1-4A80-8C66-8CBF8C2816E1}.Release|Any CPU.Build.0 = Release|Any CPU
		{C0CA0C3B-6FB1-4A80-8C66-8CBF8C2816E1}.Release|x64.ActiveCfg = Release|Any CPU
		{C0CA0C3B-6FB1-4A80-8C66-8CBF8C2816E1}.Release|x64.Build.0 = Release|Any CPU
		{C0CA0C3B-6FB1-4A80-8C66-8CBF8C2816E1}.Release|x86.ActiveCfg = Release|Any CPU
		{C0CA0C3B-6FB1-4A80-8C66-8CBF8C2816E1}.Release|x86.Build.0 = Release|Any CPU
		{4B8EEE58-D116-4776-9650-2BF351938609}.Debug|Any CPU.ActiveCfg = Debug|Any CPU
		{4B8EEE58-D116-4776-9650-2BF351938609}.Debug|Any CPU.Build.0 = Debug|Any CPU
		{4B8EEE58-D116-4776-9650-2BF351938609}.Debug|x64.ActiveCfg = Debug|Any CPU
		{4B8EEE58-D116-4776-9650-2BF351938609}.Debug|x64.Build.0 = Debug|Any CPU
		{4B8EEE58-D116-4776-9650-2BF351938609}.Debug|x86.ActiveCfg = Debug|Any CPU
		{4B8EEE58-D116-4776-9650-2BF351938609}.Debug|x86.Build.0 = Debug|Any CPU
		{4B8EEE58-D116-4776-9650-2BF351938609}.Release|Any CPU.ActiveCfg = Release|Any CPU
		{4B8EEE58-D116-4776-9650-2BF351938609}.Release|Any CPU.Build.0 = Release|Any CPU
		{4B8EEE58-D116-4776-9650-2BF351938609}.Release|x64.ActiveCfg = Release|Any CPU
		{4B8EEE58-D116-4776-9650-2BF351938609}.Release|x64.Build.0 = Release|Any CPU
		{4B8EEE58-D116-4776-9650-2BF351938609}.Release|x86.ActiveCfg = Release|Any CPU
		{4B8EEE58-D116-4776-9650-2BF351938609}.Release|x86.Build.0 = Release|Any CPU
		{E6658E14-B2B6-45CF-8AB3-3ED337055C21}.Debug|Any CPU.ActiveCfg = Debug|Any CPU
		{E6658E14-B2B6-45CF-8AB3-3ED337055C21}.Debug|Any CPU.Build.0 = Debug|Any CPU
		{E6658E14-B2B6-45CF-8AB3-3ED337055C21}.Debug|x64.ActiveCfg = Debug|Any CPU
		{E6658E14-B2B6-45CF-8AB3-3ED337055C21}.Debug|x64.Build.0 = Debug|Any CPU
		{E6658E14-B2B6-45CF-8AB3-3ED337055C21}.Debug|x86.ActiveCfg = Debug|Any CPU
		{E6658E14-B2B6-45CF-8AB3-3ED337055C21}.Debug|x86.Build.0 = Debug|Any CPU
		{E6658E14-B2B6-45CF-8AB3-3ED337055C21}.Release|Any CPU.ActiveCfg = Release|Any CPU
		{E6658E14-B2B6-45CF-8AB3-3ED337055C21}.Release|Any CPU.Build.0 = Release|Any CPU
		{E6658E14-B2B6-45CF-8AB3-3ED337055C21}.Release|x64.ActiveCfg = Release|Any CPU
		{E6658E14-B2B6-45CF-8AB3-3ED337055C21}.Release|x64.Build.0 = Release|Any CPU
		{E6658E14-B2B6-45CF-8AB3-3ED337055C21}.Release|x86.ActiveCfg = Release|Any CPU
		{E6658E14-B2B6-45CF-8AB3-3ED337055C21}.Release|x86.Build.0 = Release|Any CPU
		{AD936FA7-5A23-4FDB-9C9B-A8DB07506B05}.Debug|Any CPU.ActiveCfg = Debug|Any CPU
		{AD936FA7-5A23-4FDB-9C9B-A8DB07506B05}.Debug|Any CPU.Build.0 = Debug|Any CPU
		{AD936FA7-5A23-4FDB-9C9B-A8DB07506B05}.Debug|x64.ActiveCfg = Debug|Any CPU
		{AD936FA7-5A23-4FDB-9C9B-A8DB07506B05}.Debug|x64.Build.0 = Debug|Any CPU
		{AD936FA7-5A23-4FDB-9C9B-A8DB07506B05}.Debug|x86.ActiveCfg = Debug|Any CPU
		{AD936FA7-5A23-4FDB-9C9B-A8DB07506B05}.Debug|x86.Build.0 = Debug|Any CPU
		{AD936FA7-5A23-4FDB-9C9B-A8DB07506B05}.Release|Any CPU.ActiveCfg = Release|Any CPU
		{AD936FA7-5A23-4FDB-9C9B-A8DB07506B05}.Release|Any CPU.Build.0 = Release|Any CPU
		{AD936FA7-5A23-4FDB-9C9B-A8DB07506B05}.Release|x64.ActiveCfg = Release|Any CPU
		{AD936FA7-5A23-4FDB-9C9B-A8DB07506B05}.Release|x64.Build.0 = Release|Any CPU
		{AD936FA7-5A23-4FDB-9C9B-A8DB07506B05}.Release|x86.ActiveCfg = Release|Any CPU
		{AD936FA7-5A23-4FDB-9C9B-A8DB07506B05}.Release|x86.Build.0 = Release|Any CPU
		{FBBB157F-CE91-41CD-84D0-5DCC46A03F08}.Debug|Any CPU.ActiveCfg = Debug|Any CPU
		{FBBB157F-CE91-41CD-84D0-5DCC46A03F08}.Debug|Any CPU.Build.0 = Debug|Any CPU
		{FBBB157F-CE91-41CD-84D0-5DCC46A03F08}.Debug|x64.ActiveCfg = Debug|Any CPU
		{FBBB157F-CE91-41CD-84D0-5DCC46A03F08}.Debug|x64.Build.0 = Debug|Any CPU
		{FBBB157F-CE91-41CD-84D0-5DCC46A03F08}.Debug|x86.ActiveCfg = Debug|Any CPU
		{FBBB157F-CE91-41CD-84D0-5DCC46A03F08}.Debug|x86.Build.0 = Debug|Any CPU
		{FBBB157F-CE91-41CD-84D0-5DCC46A03F08}.Release|Any CPU.ActiveCfg = Release|Any CPU
		{FBBB157F-CE91-41CD-84D0-5DCC46A03F08}.Release|Any CPU.Build.0 = Release|Any CPU
		{FBBB157F-CE91-41CD-84D0-5DCC46A03F08}.Release|x64.ActiveCfg = Release|Any CPU
		{FBBB157F-CE91-41CD-84D0-5DCC46A03F08}.Release|x64.Build.0 = Release|Any CPU
		{FBBB157F-CE91-41CD-84D0-5DCC46A03F08}.Release|x86.ActiveCfg = Release|Any CPU
		{FBBB157F-CE91-41CD-84D0-5DCC46A03F08}.Release|x86.Build.0 = Release|Any CPU
		{E7D1FDA5-B985-4CC0-931C-8485DA2A5C1B}.Debug|Any CPU.ActiveCfg = Debug|Any CPU
		{E7D1FDA5-B985-4CC0-931C-8485DA2A5C1B}.Debug|Any CPU.Build.0 = Debug|Any CPU
		{E7D1FDA5-B985-4CC0-931C-8485DA2A5C1B}.Debug|x64.ActiveCfg = Debug|Any CPU
		{E7D1FDA5-B985-4CC0-931C-8485DA2A5C1B}.Debug|x64.Build.0 = Debug|Any CPU
		{E7D1FDA5-B985-4CC0-931C-8485DA2A5C1B}.Debug|x86.ActiveCfg = Debug|Any CPU
		{E7D1FDA5-B985-4CC0-931C-8485DA2A5C1B}.Debug|x86.Build.0 = Debug|Any CPU
		{E7D1FDA5-B985-4CC0-931C-8485DA2A5C1B}.Release|Any CPU.ActiveCfg = Release|Any CPU
		{E7D1FDA5-B985-4CC0-931C-8485DA2A5C1B}.Release|Any CPU.Build.0 = Release|Any CPU
		{E7D1FDA5-B985-4CC0-931C-8485DA2A5C1B}.Release|x64.ActiveCfg = Release|Any CPU
		{E7D1FDA5-B985-4CC0-931C-8485DA2A5C1B}.Release|x64.Build.0 = Release|Any CPU
		{E7D1FDA5-B985-4CC0-931C-8485DA2A5C1B}.Release|x86.ActiveCfg = Release|Any CPU
		{E7D1FDA5-B985-4CC0-931C-8485DA2A5C1B}.Release|x86.Build.0 = Release|Any CPU
	EndGlobalSection
	GlobalSection(SolutionProperties) = preSolution
		HideSolutionNode = FALSE
	EndGlobalSection
	GlobalSection(NestedProjects) = preSolution
		{AD2A5A3B-A595-3E96-334A-002D08FE630C} = {827E0CD3-B72D-47B6-A68D-7590B98EB39B}
		{3AB4BD60-1CE7-4077-BF19-D8846311A3E7} = {AD2A5A3B-A595-3E96-334A-002D08FE630C}
		{8D626EA8-CB54-BC41-363A-217881BEBA6E} = {827E0CD3-B72D-47B6-A68D-7590B98EB39B}
		{7CB473F7-9474-4C94-871C-F1752CDDFD41} = {8D626EA8-CB54-BC41-363A-217881BEBA6E}
		{F0263822-4915-4D4E-86D7-C69C6EBB5E41} = {8D626EA8-CB54-BC41-363A-217881BEBA6E}
		{48872AC8-5D87-4F41-830B-BE549F2A8129} = {8D626EA8-CB54-BC41-363A-217881BEBA6E}
		{709C639C-F56D-4478-A452-AF6E8199DED6} = {8D626EA8-CB54-BC41-363A-217881BEBA6E}
		{9048EB7F-3875-A59E-E36B-5BD4C6F2A282} = {827E0CD3-B72D-47B6-A68D-7590B98EB39B}
		{FB8E9E34-B6CC-49EA-8D5F-B79FCC935D3B} = {9048EB7F-3875-A59E-E36B-5BD4C6F2A282}
		{B290FE88-7219-41BA-B950-A43F94E8B49F} = {9048EB7F-3875-A59E-E36B-5BD4C6F2A282}
		{F436593F-358A-4D1D-8030-88B92C424542} = {9048EB7F-3875-A59E-E36B-5BD4C6F2A282}
		{3AF71C66-2BD1-4E24-A93C-A4EB833871E7} = {9048EB7F-3875-A59E-E36B-5BD4C6F2A282}
		{4E8BB393-0F14-4542-B288-F02A58D2CAA6} = {9048EB7F-3875-A59E-E36B-5BD4C6F2A282}
		{4DF80442-A1E5-CC28-AE7B-27B5F9BFE52B} = {827E0CD3-B72D-47B6-A68D-7590B98EB39B}
		{227BF9AC-C3AA-4F6C-96B4-7C5F01C5D04B} = {4DF80442-A1E5-CC28-AE7B-27B5F9BFE52B}
		{1F2588CA-EB8B-4B3D-9234-A201F0938773} = {4DF80442-A1E5-CC28-AE7B-27B5F9BFE52B}
		{EA7F2CCB-A136-46B8-A920-8F023E160ED6} = {4DF80442-A1E5-CC28-AE7B-27B5F9BFE52B}
		{B3132AE5-DB4D-474A-A108-EF5E7CA70BA7} = {4DF80442-A1E5-CC28-AE7B-27B5F9BFE52B}
		{EC447DCF-ABFA-6E24-52A5-D7FD48A5C558} = {827E0CD3-B72D-47B6-A68D-7590B98EB39B}
		{0A1E355E-8DE1-55AE-0C5D-3DFF356D87F7} = {EC447DCF-ABFA-6E24-52A5-D7FD48A5C558}
		{CE9B0009-823F-4089-9FDB-F7135AF8C289} = {0A1E355E-8DE1-55AE-0C5D-3DFF356D87F7}
		{6317EB6F-A307-4B92-AFEA-788A0076EE52} = {0A1E355E-8DE1-55AE-0C5D-3DFF356D87F7}
		{742C8894-AE68-4E16-993B-12487E17C9FC} = {0A1E355E-8DE1-55AE-0C5D-3DFF356D87F7}
		{3C6BDB11-5D4C-42CF-967D-59E35DF24D94} = {0A1E355E-8DE1-55AE-0C5D-3DFF356D87F7}
		{82278E32-93FD-4035-ACFC-D4E7C248E826} = {AD2A5A3B-A595-3E96-334A-002D08FE630C}
		{0745D40A-81EC-4A7E-BD1A-3EB148EA91EC} = {AD2A5A3B-A595-3E96-334A-002D08FE630C}
		{2E6D9858-64F0-45D5-8D79-6DB83B04EFB1} = {AD2A5A3B-A595-3E96-334A-002D08FE630C}
		{21985E4E-1173-4908-898E-49B566FA01E2} = {AD2A5A3B-A595-3E96-334A-002D08FE630C}
		{D18CF718-497C-4FCD-B9BB-B647843A2946} = {AD2A5A3B-A595-3E96-334A-002D08FE630C}
		{CA3ECA43-BE32-4841-A670-A861616C3F40} = {8D626EA8-CB54-BC41-363A-217881BEBA6E}
		{6A34948D-6D38-48DD-98B3-EAD56950FCA8} = {9048EB7F-3875-A59E-E36B-5BD4C6F2A282}
		{66A6A4F1-5F39-41AC-856A-52D087205908} = {9048EB7F-3875-A59E-E36B-5BD4C6F2A282}
		{DBA88B6F-423F-4C89-904A-A53A4A5617F3} = {9048EB7F-3875-A59E-E36B-5BD4C6F2A282}
		{11347592-66A0-4D78-925D-A200BF88810B} = {9048EB7F-3875-A59E-E36B-5BD4C6F2A282}
		{F153969C-D814-4B74-A878-D7A57489546A} = {4DF80442-A1E5-CC28-AE7B-27B5F9BFE52B}
		{BAE91AA0-884D-4A2A-8717-B740DA720335} = {4DF80442-A1E5-CC28-AE7B-27B5F9BFE52B}
		{FE5F7021-A3C9-35C7-FF50-8DA81625868E} = {827E0CD3-B72D-47B6-A68D-7590B98EB39B}
		{409408C1-17F3-4B4F-99FA-FF2A05161D7F} = {FE5F7021-A3C9-35C7-FF50-8DA81625868E}
		{BC4BBB02-9EDE-42AB-BBC1-88F67276C0B2} = {FE5F7021-A3C9-35C7-FF50-8DA81625868E}
		{E8236766-6B8B-4FE0-A126-F6AB0B2F8939} = {FE5F7021-A3C9-35C7-FF50-8DA81625868E}
		{6F91FCCF-5FCE-4B17-9A04-3BFAD4F638CB} = {FE5F7021-A3C9-35C7-FF50-8DA81625868E}
		{08AC6FB1-8A79-45FD-ACB0-6F416A3BA340} = {FE5F7021-A3C9-35C7-FF50-8DA81625868E}
		{BD1B435E-69FA-4865-9214-D9A0F625752E} = {0AB3BF05-4346-4AA6-1389-037BE0695223}
		{C0CA0C3B-6FB1-4A80-8C66-8CBF8C2816E1} = {0AB3BF05-4346-4AA6-1389-037BE0695223}
		{4B8EEE58-D116-4776-9650-2BF351938609} = {0AB3BF05-4346-4AA6-1389-037BE0695223}
		{E6658E14-B2B6-45CF-8AB3-3ED337055C21} = {0AB3BF05-4346-4AA6-1389-037BE0695223}
		{5E294108-21CF-7E41-9E94-C5B87823D673} = {EC447DCF-ABFA-6E24-52A5-D7FD48A5C558}
		{AD936FA7-5A23-4FDB-9C9B-A8DB07506B05} = {5E294108-21CF-7E41-9E94-C5B87823D673}
		{FBBB157F-CE91-41CD-84D0-5DCC46A03F08} = {5E294108-21CF-7E41-9E94-C5B87823D673}
		{E7D1FDA5-B985-4CC0-931C-8485DA2A5C1B} = {5E294108-21CF-7E41-9E94-C5B87823D673}
	EndGlobalSection
EndGlobal
